PODS:
  - DKImagePickerController/Core (4.2.2):
    - DKImagePickerController/ImageDataManager
    - DKImagePickerController/Resource
  - DKImagePickerController/ImageDataManager (4.2.2)
  - DKImagePickerController/PhotoGallery (4.2.2):
    - DKImagePickerController/Core
    - DKPhotoGallery
  - DKImagePickerController/Resource (4.2.2)
  - DKPhotoGallery (0.0.14):
    - DKPhotoGallery/Core (= 0.0.14)
    - DKPhotoGallery/Model (= 0.0.14)
    - DKPhotoGallery/Preview (= 0.0.14)
    - DKPhotoGallery/Resource (= 0.0.14)
    - SDWebImage
    - SDWebImageFLPlugin
  - DKPhotoGallery/Core (0.0.14):
    - DKPhotoGallery/Model
    - DKPhotoGallery/Preview
    - SDWebImage
    - SDWebImageFLPlugin
  - DKPhotoGallery/Model (0.0.14):
    - SDWebImage
    - SDWebImageFLPlugin
  - DKPhotoGallery/Preview (0.0.14):
    - DKPhotoGallery/Model
    - DKPhotoGallery/Resource
    - SDWebImage
    - SDWebImageFLPlugin
  - DKPhotoGallery/Resource (0.0.14):
    - SDWebImage
    - SDWebImageFLPlugin
  - file_picker (0.0.1):
    - DKImagePickerController/PhotoGallery
    - Flutter
  - FLAnimatedImage (1.0.12)
  - Flutter (1.0.0)
  - google_maps_flutter (0.0.1):
    - Flutter
    - GoogleMaps (< 3.10)
  - GoogleMaps (2.7.0):
    - GoogleMaps/Maps (= 2.7.0)
  - GoogleMaps/Base (2.7.0)
  - GoogleMaps/Maps (2.7.0):
    - GoogleMaps/Base
  - image_picker (0.0.1):
    - Flutter
  - razorpay-pod (1.1.5)
  - razorpay_flutter (1.1.5):
    - Flutter
    - razorpay-pod
  - SDWebImage (5.7.4):
    - SDWebImage/Core (= 5.7.4)
  - SDWebImage/Core (5.7.4)
  - SDWebImageFLPlugin (0.4.0):
    - FLAnimatedImage (>= 1.0.11)
    - SDWebImage/Core (~> 5.6)
  - shared_preferences (0.0.1):
    - Flutter

DEPENDENCIES:
  - file_picker (from `.symlinks/plugins/file_picker/ios`)
  - Flutter (from `Flutter`)
  - google_maps_flutter (from `.symlinks/plugins/google_maps_flutter/ios`)
  - image_picker (from `.symlinks/plugins/image_picker/ios`)
  - razorpay_flutter (from `.symlinks/plugins/razorpay_flutter/ios`)
  - shared_preferences (from `.symlinks/plugins/shared_preferences/ios`)

SPEC REPOS:
  trunk:
    - DKImagePickerController
    - DKPhotoGallery
    - FLAnimatedImage
    - GoogleMaps
    - razorpay-pod
    - SDWebImage
    - SDWebImageFLPlugin

EXTERNAL SOURCES:
  file_picker:
    :path: ".symlinks/plugins/file_picker/ios"
  Flutter:
    :path: Flutter
  google_maps_flutter:
    :path: ".symlinks/plugins/google_maps_flutter/ios"
  image_picker:
    :path: ".symlinks/plugins/image_picker/ios"
  razorpay_flutter:
    :path: ".symlinks/plugins/razorpay_flutter/ios"
  shared_preferences:
    :path: ".symlinks/plugins/shared_preferences/ios"

SPEC CHECKSUMS:
  DKImagePickerController: 4a3e7948a848c4348e600b3fe5ce41478835fa10
  DKPhotoGallery: 0290d32343574f06eaa4c26f8f2f8a1035e916be
  file_picker: 3e6c3790de664ccf9b882732d9db5eaf6b8d4eb1
  FLAnimatedImage: 4a0b56255d9b05f18b6dd7ee06871be5d3b89e31
  Flutter: 0e3d915762c693b495b44d77113d4970485de6ec
  google_maps_flutter: c7f9c73576de1fbe152a227bfd6e6c4ae8088619
  GoogleMaps: f79af95cb24d869457b1f961c93d3ce8b2f3b848
  image_picker: 9c3312491f862b28d21ecd8fdf0ee14e601b3f09
  razorpay-pod: 31dd24ddb70275d82be12527b45001f9bc9f1be2
  razorpay_flutter: bf22a7c0e12d9f906b6a493f546ee9afe7f8b508
  SDWebImage: 48b88379b798fd1e4298f95bb25d2cdabbf4deb3
  SDWebImageFLPlugin: 6c2295fb1242d44467c6c87dc5db6b0a13228fd8
  shared_preferences: af6bfa751691cdc24be3045c43ec037377ada40d

PODFILE CHECKSUM: fe0e1ee7f3d1f7d00b11b474b62dd62134535aea

COCOAPODS: 1.9.1
